{
  "name": "lit-css-global-scope",
  "version": "0.1.0",
  "lockfileVersion": 1,
  "requires": true,
  "dependencies": {
    "lit-html": {
      "version": "1.2.1",
      "resolved": "https://registry.npmjs.org/lit-html/-/lit-html-1.2.1.tgz",
      "integrity": "sha512-GSJHHXMGLZDzTRq59IUfL9FCdAlGfqNp/dEa7k7aBaaWD+JKaCjsAk9KYm2V12ItonVaYx2dprN66Zdm1AuBTQ=="
    }
  }
}
